
Microsoft Visual Studio Solution File, Format Version 12.00
# Visual Studio Version 17
VisualStudioVersion = 17.6.33723.286
MinimumVisualStudioVersion = 10.0.40219.1
Project("{FAE04EC0-301F-11D3-BF4B-00C04F79EFBC}") = "ChartJSTest", "ChartJSTest.csproj", "{B7F91C26-99D4-4CE5-B2E4-0901AF8E161A}"
EndProject
Global
	GlobalSection(SolutionConfigurationPlatforms) = preSolution
		Debug|Any CPU = Debug|Any CPU
		Release|Any CPU = Release|Any CPU
	EndGlobalSection
	GlobalSection(ProjectConfigurationPlatforms) = postSolution
		{B7F91C26-99D4-4CE5-B2E4-0901AF8E161A}.Debug|Any CPU.ActiveCfg = Debug|Any CPU
		{B7F91C26-99D4-4CE5-B2E4-0901AF8E161A}.Debug|Any CPU.Build.0 = Debug|Any CPU
		{B7F91C26-99D4-4CE5-B2E4-0901AF8E161A}.Release|Any CPU.ActiveCfg = Release|Any CPU
		{B7F91C26-99D4-4CE5-B2E4-0901AF8E161A}.Release|Any CPU.Build.0 = Release|Any CPU
	EndGlobalSection
	GlobalSection(SolutionProperties) = preSolution
		HideSolutionNode = FALSE
	EndGlobalSection
	GlobalSection(ExtensibilityGlobals) = postSolution
		SolutionGuid = {A43F7676-A839-4B4A-9515-55978D975D8A}
	EndGlobalSection
EndGlobal
